
Microsoft Visual Studio Solution File, Format Version 12.00
# Visual Studio Version 17
VisualStudioVersion = 17.7.34202.233
MinimumVisualStudioVersion = 10.0.40219.1
Project("{FAE04EC0-301F-11D3-BF4B-00C04F79EFBC}") = "TPi-P3", "TPi-P3.csproj", "{97E128CA-5B32-4FDC-A431-758D7FD3BE23}"
EndProject
Global
	GlobalSection(SolutionConfigurationPlatforms) = preSolution
		Debug|Any CPU = Debug|Any CPU
		Release|Any CPU = Release|Any CPU
	EndGlobalSection
	GlobalSection(ProjectConfigurationPlatforms) = postSolution
		{97E128CA-5B32-4FDC-A431-758D7FD3BE23}.Debug|Any CPU.ActiveCfg = Debug|Any CPU
		{97E128CA-5B32-4FDC-A431-758D7FD3BE23}.Debug|Any CPU.Build.0 = Debug|Any CPU
		{97E128CA-5B32-4FDC-A431-758D7FD3BE23}.Release|Any CPU.ActiveCfg = Release|Any CPU
		{97E128CA-5B32-4FDC-A431-758D7FD3BE23}.Release|Any CPU.Build.0 = Release|Any CPU
	EndGlobalSection
	GlobalSection(SolutionProperties) = preSolution
		HideSolutionNode = FALSE
	EndGlobalSection
	GlobalSection(ExtensibilityGlobals) = postSolution
		SolutionGuid = {87E37AF5-AACC-4BD2-9341-C616B6A4C3AD}
	EndGlobalSection
EndGlobal
